
Microsoft Visual Studio Solution File, Format Version 12.00
# Visual Studio Version 17
VisualStudioVersion = 17.2.32616.157
MinimumVisualStudioVersion = 10.0.40219.1
Project("{2150E333-8FDC-42A3-9474-1A3956D46DE8}") = "Libraries", "Libraries", "{A839D9CC-38C7-4F55-A3DB-84B00F9D5BB1}"
EndProject
Project("{9A19103F-16F7-4668-BE54-9A1E7A4F7556}") = "Net.Assembly", "Libraries\Net.Assembly\Net.Assembly.csproj", "{A2730EAE-8C6C-40DA-BD71-BDB36ADE33A0}"
EndProject
Project("{9A19103F-16F7-4668-BE54-9A1E7A4F7556}") = "Net.Core", "Libraries\Net.Core\Net.Core.csproj", "{FC8BC2A4-E287-417C-936B-4AC9BB4AD311}"
EndProject
Project("{9A19103F-16F7-4668-BE54-9A1E7A4F7556}") = "Net.Data", "Libraries\Net.Data\Net.Data.csproj", "{351A2683-3BCF-47D9-8925-ED1CE04B4ED6}"
EndProject
Project("{9A19103F-16F7-4668-BE54-9A1E7A4F7556}") = "Net.WebCore", "Libraries\Net.WebCore\Net.WebCore.csproj", "{11B2C3F6-0E5C-4963-A90D-9908B3E3DC2C}"
EndProject
Project("{9A19103F-16F7-4668-BE54-9A1E7A4F7556}") = "AppReviewDomain", "AppReviewDomain\AppReviewDomain.csproj", "{35727DB5-9C5C-4A12-B470-88FD8527432C}"
EndProject
Project("{9A19103F-16F7-4668-BE54-9A1E7A4F7556}") = "AppReviewService", "AppReviewService\AppReviewService.csproj", "{41D45BCE-9020-4722-968F-DE16FF72FFD1}"
EndProject
Project("{9A19103F-16F7-4668-BE54-9A1E7A4F7556}") = "AppReviewWebApi", "AppReviewWebApi\AppReviewWebApi.csproj", "{5FA2F253-08B9-4433-B0CD-60C50D07EF85}"
EndProject
Project("{9A19103F-16F7-4668-BE54-9A1E7A4F7556}") = "Net.Caching", "Libraries\Net.Caching\Net.Caching.csproj", "{2A5B6F66-0189-4495-A346-1802D00712F0}"
EndProject
Global
	GlobalSection(SolutionConfigurationPlatforms) = preSolution
		Debug|Any CPU = Debug|Any CPU
		Release|Any CPU = Release|Any CPU
	EndGlobalSection
	GlobalSection(ProjectConfigurationPlatforms) = postSolution
		{A2730EAE-8C6C-40DA-BD71-BDB36ADE33A0}.Debug|Any CPU.ActiveCfg = Debug|Any CPU
		{A2730EAE-8C6C-40DA-BD71-BDB36ADE33A0}.Debug|Any CPU.Build.0 = Debug|Any CPU
		{A2730EAE-8C6C-40DA-BD71-BDB36ADE33A0}.Release|Any CPU.ActiveCfg = Release|Any CPU
		{A2730EAE-8C6C-40DA-BD71-BDB36ADE33A0}.Release|Any CPU.Build.0 = Release|Any CPU
		{FC8BC2A4-E287-417C-936B-4AC9BB4AD311}.Debug|Any CPU.ActiveCfg = Debug|Any CPU
		{FC8BC2A4-E287-417C-936B-4AC9BB4AD311}.Debug|Any CPU.Build.0 = Debug|Any CPU
		{FC8BC2A4-E287-417C-936B-4AC9BB4AD311}.Release|Any CPU.ActiveCfg = Release|Any CPU
		{FC8BC2A4-E287-417C-936B-4AC9BB4AD311}.Release|Any CPU.Build.0 = Release|Any CPU
		{351A2683-3BCF-47D9-8925-ED1CE04B4ED6}.Debug|Any CPU.ActiveCfg = Debug|Any CPU
		{351A2683-3BCF-47D9-8925-ED1CE04B4ED6}.Debug|Any CPU.Build.0 = Debug|Any CPU
		{351A2683-3BCF-47D9-8925-ED1CE04B4ED6}.Release|Any CPU.ActiveCfg = Release|Any CPU
		{351A2683-3BCF-47D9-8925-ED1CE04B4ED6}.Release|Any CPU.Build.0 = Release|Any CPU
		{11B2C3F6-0E5C-4963-A90D-9908B3E3DC2C}.Debug|Any CPU.ActiveCfg = Debug|Any CPU
		{11B2C3F6-0E5C-4963-A90D-9908B3E3DC2C}.Debug|Any CPU.Build.0 = Debug|Any CPU
		{11B2C3F6-0E5C-4963-A90D-9908B3E3DC2C}.Release|Any CPU.ActiveCfg = Release|Any CPU
		{11B2C3F6-0E5C-4963-A90D-9908B3E3DC2C}.Release|Any CPU.Build.0 = Release|Any CPU
		{35727DB5-9C5C-4A12-B470-88FD8527432C}.Debug|Any CPU.ActiveCfg = Debug|Any CPU
		{35727DB5-9C5C-4A12-B470-88FD8527432C}.Debug|Any CPU.Build.0 = Debug|Any CPU
		{35727DB5-9C5C-4A12-B470-88FD8527432C}.Release|Any CPU.ActiveCfg = Release|Any CPU
		{35727DB5-9C5C-4A12-B470-88FD8527432C}.Release|Any CPU.Build.0 = Release|Any CPU
		{41D45BCE-9020-4722-968F-DE16FF72FFD1}.Debug|Any CPU.ActiveCfg = Debug|Any CPU
		{41D45BCE-9020-4722-968F-DE16FF72FFD1}.Debug|Any CPU.Build.0 = Debug|Any CPU
		{41D45BCE-9020-4722-968F-DE16FF72FFD1}.Release|Any CPU.ActiveCfg = Release|Any CPU
		{41D45BCE-9020-4722-968F-DE16FF72FFD1}.Release|Any CPU.Build.0 = Release|Any CPU
		{5FA2F253-08B9-4433-B0CD-60C50D07EF85}.Debug|Any CPU.ActiveCfg = Debug|Any CPU
		{5FA2F253-08B9-4433-B0CD-60C50D07EF85}.Debug|Any CPU.Build.0 = Debug|Any CPU
		{5FA2F253-08B9-4433-B0CD-60C50D07EF85}.Release|Any CPU.ActiveCfg = Release|Any CPU
		{5FA2F253-08B9-4433-B0CD-60C50D07EF85}.Release|Any CPU.Build.0 = Release|Any CPU
		{2A5B6F66-0189-4495-A346-1802D00712F0}.Debug|Any CPU.ActiveCfg = Debug|Any CPU
		{2A5B6F66-0189-4495-A346-1802D00712F0}.Debug|Any CPU.Build.0 = Debug|Any CPU
		{2A5B6F66-0189-4495-A346-1802D00712F0}.Release|Any CPU.ActiveCfg = Release|Any CPU
		{2A5B6F66-0189-4495-A346-1802D00712F0}.Release|Any CPU.Build.0 = Release|Any CPU
	EndGlobalSection
	GlobalSection(SolutionProperties) = preSolution
		HideSolutionNode = FALSE
	EndGlobalSection
	GlobalSection(NestedProjects) = preSolution
		{A2730EAE-8C6C-40DA-BD71-BDB36ADE33A0} = {A839D9CC-38C7-4F55-A3DB-84B00F9D5BB1}
		{FC8BC2A4-E287-417C-936B-4AC9BB4AD311} = {A839D9CC-38C7-4F55-A3DB-84B00F9D5BB1}
		{351A2683-3BCF-47D9-8925-ED1CE04B4ED6} = {A839D9CC-38C7-4F55-A3DB-84B00F9D5BB1}
		{11B2C3F6-0E5C-4963-A90D-9908B3E3DC2C} = {A839D9CC-38C7-4F55-A3DB-84B00F9D5BB1}
		{2A5B6F66-0189-4495-A346-1802D00712F0} = {A839D9CC-38C7-4F55-A3DB-84B00F9D5BB1}
	EndGlobalSection
	GlobalSection(ExtensibilityGlobals) = postSolution
		SolutionGuid = {EB177AAD-4087-4697-95E5-0301445E921C}
	EndGlobalSection
EndGlobal
